
Microsoft Visual Studio Solution File, Format Version 12.00
# Visual Studio 15
VisualStudioVersion = 15.0.27703.2047
MinimumVisualStudioVersion = 10.0.40219.1
Project("{2150E333-8FDC-42A3-9474-1A3956D46DE8}") = "FactoryMethod", "FactoryMethod", "{9F93997C-F262-4BC5-93AC-249836D8308F}"
EndProject
Project("{9A19103F-16F7-4668-BE54-9A1E7A4F7556}") = "FactoryMethod.Domain", "FactoryMethod.Domain\FactoryMethod.Domain.csproj", "{2CAF0216-2E58-4361-A96D-852B44915D20}"
EndProject
Project("{2150E333-8FDC-42A3-9474-1A3956D46DE8}") = "Creational", "Creational", "{6850C988-5965-430B-8D57-4C3B53B9A554}"
EndProject
Project("{2150E333-8FDC-42A3-9474-1A3956D46DE8}") = "AbstractMethod", "AbstractMethod", "{745052DA-7EF3-4A53-B660-6C339C6AE203}"
EndProject
Project("{9A19103F-16F7-4668-BE54-9A1E7A4F7556}") = "AbstractMethod.Domain", "AbstractMethod.Domain\AbstractMethod.Domain.csproj", "{D7954235-D2BF-46B1-AD89-FC12B5D963DD}"
EndProject
Project("{2150E333-8FDC-42A3-9474-1A3956D46DE8}") = "Singleton", "Singleton", "{EF250CE0-E59C-4D6D-AFCF-12AC40CCA5CF}"
EndProject
Project("{FAE04EC0-301F-11D3-BF4B-00C04F79EFBC}") = "Singleton.Domain", "Singleton.Domain\Singleton.Domain.csproj", "{EDFDAC2E-F9C0-488F-A26C-90E1927DE714}"
EndProject
Project("{2150E333-8FDC-42A3-9474-1A3956D46DE8}") = "Structural", "Structural", "{9A176762-8734-43BF-875D-5125584FD5D0}"
EndProject
Project("{2150E333-8FDC-42A3-9474-1A3956D46DE8}") = "Adapter", "Adapter", "{7884FE7E-6920-47BD-AA8F-7853BABD59A5}"
EndProject
Project("{FAE04EC0-301F-11D3-BF4B-00C04F79EFBC}") = "Adapter.Domain", "Adapter.Domain\Adapter.Domain.csproj", "{92825C9C-4621-4206-B05C-DC6522B758CB}"
EndProject
Project("{2150E333-8FDC-42A3-9474-1A3956D46DE8}") = "Facade", "Facade", "{DA078527-6347-40C2-9653-E733FE772FFA}"
EndProject
Project("{FAE04EC0-301F-11D3-BF4B-00C04F79EFBC}") = "Facade.Domain", "Facade.Domain\Facade.Domain.csproj", "{680D6AB2-F381-456F-AFCB-923DE73A605F}"
EndProject
Project("{2150E333-8FDC-42A3-9474-1A3956D46DE8}") = "Behavioral", "Behavioral", "{72E13F12-DC4B-4668-8B16-E0DD9C1284E4}"
EndProject
Project("{2150E333-8FDC-42A3-9474-1A3956D46DE8}") = "Command", "Command", "{500BD835-708C-49E3-A3CB-7DE8E866474A}"
EndProject
Project("{FAE04EC0-301F-11D3-BF4B-00C04F79EFBC}") = "Command.Domain", "Command.Domain\Command.Domain.csproj", "{0C073030-C82C-4730-9C65-358808433D56}"
EndProject
Project("{2150E333-8FDC-42A3-9474-1A3956D46DE8}") = "Observer", "Observer", "{B61D5B91-6E69-4BC0-BE62-24BC999A37A0}"
EndProject
Project("{FAE04EC0-301F-11D3-BF4B-00C04F79EFBC}") = "Observer.Domain", "Observer.Domain\Observer.Domain.csproj", "{2133C711-8113-4CA2-AF51-637D9BEDA1B8}"
EndProject
Project("{2150E333-8FDC-42A3-9474-1A3956D46DE8}") = "Strategy", "Strategy", "{958582E3-B234-4F21-8CF4-48564699B30C}"
EndProject
Project("{FAE04EC0-301F-11D3-BF4B-00C04F79EFBC}") = "Strategy.Domain", "Strategy.Domain\Strategy.Domain.csproj", "{9D168B00-0853-43C0-9B60-36EF182B97B3}"
EndProject
Global
	GlobalSection(SolutionConfigurationPlatforms) = preSolution
		Debug|Any CPU = Debug|Any CPU
		Release|Any CPU = Release|Any CPU
	EndGlobalSection
	GlobalSection(ProjectConfigurationPlatforms) = postSolution
		{2CAF0216-2E58-4361-A96D-852B44915D20}.Debug|Any CPU.ActiveCfg = Debug|Any CPU
		{2CAF0216-2E58-4361-A96D-852B44915D20}.Debug|Any CPU.Build.0 = Debug|Any CPU
		{2CAF0216-2E58-4361-A96D-852B44915D20}.Release|Any CPU.ActiveCfg = Release|Any CPU
		{2CAF0216-2E58-4361-A96D-852B44915D20}.Release|Any CPU.Build.0 = Release|Any CPU
		{D7954235-D2BF-46B1-AD89-FC12B5D963DD}.Debug|Any CPU.ActiveCfg = Debug|Any CPU
		{D7954235-D2BF-46B1-AD89-FC12B5D963DD}.Debug|Any CPU.Build.0 = Debug|Any CPU
		{D7954235-D2BF-46B1-AD89-FC12B5D963DD}.Release|Any CPU.ActiveCfg = Release|Any CPU
		{D7954235-D2BF-46B1-AD89-FC12B5D963DD}.Release|Any CPU.Build.0 = Release|Any CPU
		{EDFDAC2E-F9C0-488F-A26C-90E1927DE714}.Debug|Any CPU.ActiveCfg = Debug|Any CPU
		{EDFDAC2E-F9C0-488F-A26C-90E1927DE714}.Debug|Any CPU.Build.0 = Debug|Any CPU
		{EDFDAC2E-F9C0-488F-A26C-90E1927DE714}.Release|Any CPU.ActiveCfg = Release|Any CPU
		{EDFDAC2E-F9C0-488F-A26C-90E1927DE714}.Release|Any CPU.Build.0 = Release|Any CPU
		{92825C9C-4621-4206-B05C-DC6522B758CB}.Debug|Any CPU.ActiveCfg = Debug|Any CPU
		{92825C9C-4621-4206-B05C-DC6522B758CB}.Debug|Any CPU.Build.0 = Debug|Any CPU
		{92825C9C-4621-4206-B05C-DC6522B758CB}.Release|Any CPU.ActiveCfg = Release|Any CPU
		{92825C9C-4621-4206-B05C-DC6522B758CB}.Release|Any CPU.Build.0 = Release|Any CPU
		{680D6AB2-F381-456F-AFCB-923DE73A605F}.Debug|Any CPU.ActiveCfg = Debug|Any CPU
		{680D6AB2-F381-456F-AFCB-923DE73A605F}.Debug|Any CPU.Build.0 = Debug|Any CPU
		{680D6AB2-F381-456F-AFCB-923DE73A605F}.Release|Any CPU.ActiveCfg = Release|Any CPU
		{680D6AB2-F381-456F-AFCB-923DE73A605F}.Release|Any CPU.Build.0 = Release|Any CPU
		{0C073030-C82C-4730-9C65-358808433D56}.Debug|Any CPU.ActiveCfg = Debug|Any CPU
		{0C073030-C82C-4730-9C65-358808433D56}.Debug|Any CPU.Build.0 = Debug|Any CPU
		{0C073030-C82C-4730-9C65-358808433D56}.Release|Any CPU.ActiveCfg = Release|Any CPU
		{0C073030-C82C-4730-9C65-358808433D56}.Release|Any CPU.Build.0 = Release|Any CPU
		{2133C711-8113-4CA2-AF51-637D9BEDA1B8}.Debug|Any CPU.ActiveCfg = Debug|Any CPU
		{2133C711-8113-4CA2-AF51-637D9BEDA1B8}.Debug|Any CPU.Build.0 = Debug|Any CPU
		{2133C711-8113-4CA2-AF51-637D9BEDA1B8}.Release|Any CPU.ActiveCfg = Release|Any CPU
		{2133C711-8113-4CA2-AF51-637D9BEDA1B8}.Release|Any CPU.Build.0 = Release|Any CPU
		{9D168B00-0853-43C0-9B60-36EF182B97B3}.Debug|Any CPU.ActiveCfg = Debug|Any CPU
		{9D168B00-0853-43C0-9B60-36EF182B97B3}.Debug|Any CPU.Build.0 = Debug|Any CPU
		{9D168B00-0853-43C0-9B60-36EF182B97B3}.Release|Any CPU.ActiveCfg = Release|Any CPU
		{9D168B00-0853-43C0-9B60-36EF182B97B3}.Release|Any CPU.Build.0 = Release|Any CPU
	EndGlobalSection
	GlobalSection(SolutionProperties) = preSolution
		HideSolutionNode = FALSE
	EndGlobalSection
	GlobalSection(NestedProjects) = preSolution
		{9F93997C-F262-4BC5-93AC-249836D8308F} = {6850C988-5965-430B-8D57-4C3B53B9A554}
		{2CAF0216-2E58-4361-A96D-852B44915D20} = {9F93997C-F262-4BC5-93AC-249836D8308F}
		{745052DA-7EF3-4A53-B660-6C339C6AE203} = {6850C988-5965-430B-8D57-4C3B53B9A554}
		{D7954235-D2BF-46B1-AD89-FC12B5D963DD} = {745052DA-7EF3-4A53-B660-6C339C6AE203}
		{EF250CE0-E59C-4D6D-AFCF-12AC40CCA5CF} = {6850C988-5965-430B-8D57-4C3B53B9A554}
		{EDFDAC2E-F9C0-488F-A26C-90E1927DE714} = {EF250CE0-E59C-4D6D-AFCF-12AC40CCA5CF}
		{7884FE7E-6920-47BD-AA8F-7853BABD59A5} = {9A176762-8734-43BF-875D-5125584FD5D0}
		{92825C9C-4621-4206-B05C-DC6522B758CB} = {7884FE7E-6920-47BD-AA8F-7853BABD59A5}
		{DA078527-6347-40C2-9653-E733FE772FFA} = {9A176762-8734-43BF-875D-5125584FD5D0}
		{680D6AB2-F381-456F-AFCB-923DE73A605F} = {DA078527-6347-40C2-9653-E733FE772FFA}
		{500BD835-708C-49E3-A3CB-7DE8E866474A} = {72E13F12-DC4B-4668-8B16-E0DD9C1284E4}
		{0C073030-C82C-4730-9C65-358808433D56} = {500BD835-708C-49E3-A3CB-7DE8E866474A}
		{B61D5B91-6E69-4BC0-BE62-24BC999A37A0} = {72E13F12-DC4B-4668-8B16-E0DD9C1284E4}
		{2133C711-8113-4CA2-AF51-637D9BEDA1B8} = {B61D5B91-6E69-4BC0-BE62-24BC999A37A0}
		{958582E3-B234-4F21-8CF4-48564699B30C} = {72E13F12-DC4B-4668-8B16-E0DD9C1284E4}
		{9D168B00-0853-43C0-9B60-36EF182B97B3} = {958582E3-B234-4F21-8CF4-48564699B30C}
	EndGlobalSection
	GlobalSection(ExtensibilityGlobals) = postSolution
		SolutionGuid = {16D99AB5-68C2-448F-B307-F9C4CAF91A26}
	EndGlobalSection
EndGlobal
